
Microsoft Visual Studio Solution File, Format Version 12.00
# Visual Studio 15
VisualStudioVersion = 15.0.27703.2018
MinimumVisualStudioVersion = 10.0.40219.1
Project("{FAE04EC0-301F-11D3-BF4B-00C04F79EFBC}") = "HolaMundo2", "HolaMundo2\HolaMundo2.csproj", "{99F15250-57EF-4027-A60F-CE0FB8EEAF17}"
EndProject
Global
	GlobalSection(SolutionConfigurationPlatforms) = preSolution
		Debug|Any CPU = Debug|Any CPU
		Release|Any CPU = Release|Any CPU
	EndGlobalSection
	GlobalSection(ProjectConfigurationPlatforms) = postSolution
		{99F15250-57EF-4027-A60F-CE0FB8EEAF17}.Debug|Any CPU.ActiveCfg = Debug|Any CPU
		{99F15250-57EF-4027-A60F-CE0FB8EEAF17}.Debug|Any CPU.Build.0 = Debug|Any CPU
		{99F15250-57EF-4027-A60F-CE0FB8EEAF17}.Release|Any CPU.ActiveCfg = Release|Any CPU
		{99F15250-57EF-4027-A60F-CE0FB8EEAF17}.Release|Any CPU.Build.0 = Release|Any CPU
	EndGlobalSection
	GlobalSection(SolutionProperties) = preSolution
		HideSolutionNode = FALSE
	EndGlobalSection
	GlobalSection(ExtensibilityGlobals) = postSolution
		SolutionGuid = {F5D8E935-42A8-45F9-B62E-9CA3223B0544}
	EndGlobalSection
EndGlobal
